PODS:
  - app_links (0.0.2):
    - Flutter
  - app_settings (5.1.1):
    - Flutter
  - camera_avfoundation (0.0.1):
    - Flutter
  - connectivity_plus (0.0.1):
    - Flutter
  - device_info_plus (0.0.1):
    - Flutter
  - DKImagePickerController/Core (4.3.9):
    - DKImagePickerController/ImageDataManager
    - DKImagePickerController/Resource
  - DKImagePickerController/ImageDataManager (4.3.9)
  - DKImagePickerController/PhotoGallery (4.3.9):
    - DKImagePickerController/Core
    - DKPhotoGallery
  - DKImagePickerController/Resource (4.3.9)
  - DKPhotoGallery (0.0.19):
    - DKPhotoGallery/Core (= 0.0.19)
    - DKPhotoGallery/Model (= 0.0.19)
    - DKPhotoGallery/Preview (= 0.0.19)
    - DKPhotoGallery/Resource (= 0.0.19)
    - SDWebImage
    - SwiftyGif
  - DKPhotoGallery/Core (0.0.19):
    - DKPhotoGallery/Model
    - DKPhotoGallery/Preview
    - SDWebImage
    - SwiftyGif
  - DKPhotoGallery/Model (0.0.19):
    - SDWebImage
    - SwiftyGif
  - DKPhotoGallery/Preview (0.0.19):
    - DKPhotoGallery/Model
    - DKPhotoGallery/Resource
    - SDWebImage
    - SwiftyGif
  - DKPhotoGallery/Resource (0.0.19):
    - SDWebImage
    - SwiftyGif
  - file_picker (0.0.1):
    - DKImagePickerController/PhotoGallery
    - Flutter
  - file_saver (0.0.1):
    - Flutter
  - Firebase/Analytics (10.12.0):
    - Firebase/Core
  - Firebase/Core (10.12.0):
    - Firebase/CoreOnly
    - FirebaseAnalytics (~> 10.12.0)
  - Firebase/CoreOnly (10.12.0):
    - FirebaseCore (= 10.12.0)
  - Firebase/Crashlytics (10.12.0):
    - Firebase/CoreOnly
    - FirebaseCrashlytics (~> 10.12.0)
  - Firebase/Messaging (10.12.0):
    - Firebase/CoreOnly
    - FirebaseMessaging (~> 10.12.0)
  - firebase_analytics (10.4.4):
    - Firebase/Analytics (= 10.12.0)
    - firebase_core
    - Flutter
  - firebase_core (2.15.0):
    - Firebase/CoreOnly (= 10.12.0)
    - Flutter
  - firebase_crashlytics (3.3.4):
    - Firebase/Crashlytics (= 10.12.0)
    - firebase_core
    - Flutter
  - firebase_messaging (14.6.4):
    - Firebase/Messaging (= 10.12.0)
    - firebase_core
    - Flutter
  - FirebaseAnalytics (10.12.0):
    - FirebaseAnalytics/AdIdSupport (= 10.12.0)
    - FirebaseCore (~> 10.0)
    - FirebaseInstallations (~> 10.0)
    - GoogleUtilities/AppDelegateSwizzler (~> 7.11)
    - GoogleUtilities/MethodSwizzler (~> 7.11)
    - GoogleUtilities/Network (~> 7.11)
    - "GoogleUtilities/NSData+zlib (~> 7.11)"
    - nanopb (< 2.30910.0, >= 2.30908.0)
  - FirebaseAnalytics/AdIdSupport (10.12.0):
    - FirebaseCore (~> 10.0)
    - FirebaseInstallations (~> 10.0)
    - GoogleAppMeasurement (= 10.12.0)
    - GoogleUtilities/AppDelegateSwizzler (~> 7.11)
    - GoogleUtilities/MethodSwizzler (~> 7.11)
    - GoogleUtilities/Network (~> 7.11)
    - "GoogleUtilities/NSData+zlib (~> 7.11)"
    - nanopb (< 2.30910.0, >= 2.30908.0)
  - FirebaseCore (10.12.0):
    - FirebaseCoreInternal (~> 10.0)
    - GoogleUtilities/Environment (~> 7.8)
    - GoogleUtilities/Logger (~> 7.8)
  - FirebaseCoreExtension (10.29.0):
    - FirebaseCore (~> 10.0)
  - FirebaseCoreInternal (10.29.0):
    - "GoogleUtilities/NSData+zlib (~> 7.8)"
  - FirebaseCrashlytics (10.12.0):
    - FirebaseCore (~> 10.5)
    - FirebaseInstallations (~> 10.0)
    - FirebaseSessions (~> 10.5)
    - GoogleDataTransport (~> 9.2)
    - GoogleUtilities/Environment (~> 7.8)
    - nanopb (< 2.30910.0, >= 2.30908.0)
    - PromisesObjC (~> 2.1)
  - FirebaseInstallations (10.29.0):
    - FirebaseCore (~> 10.0)
    - GoogleUtilities/Environment (~> 7.8)
    - GoogleUtilities/UserDefaults (~> 7.8)
    - PromisesObjC (~> 2.1)
  - FirebaseMessaging (10.12.0):
    - FirebaseCore (~> 10.0)
    - FirebaseInstallations (~> 10.0)
    - GoogleDataTransport (~> 9.2)
    - GoogleUtilities/AppDelegateSwizzler (~> 7.8)
    - GoogleUtilities/Environment (~> 7.8)
    - GoogleUtilities/Reachability (~> 7.8)
    - GoogleUtilities/UserDefaults (~> 7.8)
    - nanopb (< 2.30910.0, >= 2.30908.0)
  - FirebaseSessions (10.29.0):
    - FirebaseCore (~> 10.5)
    - FirebaseCoreExtension (~> 10.0)
    - FirebaseInstallations (~> 10.0)
    - GoogleDataTransport (~> 9.2)
    - GoogleUtilities/Environment (~> 7.13)
    - GoogleUtilities/UserDefaults (~> 7.13)
    - nanopb (< 2.30911.0, >= 2.30908.0)
    - PromisesSwift (~> 2.1)
  - Flutter (1.0.0)
  - flutter_image_compress_common (1.0.0):
    - Flutter
    - Mantle
    - SDWebImage
    - SDWebImageWebPCoder
  - flutter_keyboard_visibility (0.0.1):
    - Flutter
  - flutter_local_notifications (0.0.1):
    - Flutter
  - flutter_native_splash (2.4.3):
    - Flutter
  - flutter_nfc_kit (2.0.0):
    - Flutter
  - flutter_pdfview (1.0.2):
    - Flutter
  - flutter_secure_storage (6.0.0):
    - Flutter
  - fluttertoast (0.0.2):
    - Flutter
  - google_mlkit_commons (0.8.1):
    - Flutter
    - MLKitVision
  - google_mlkit_face_detection (0.11.1):
    - Flutter
    - google_mlkit_commons
    - GoogleMLKit/FaceDetection (~> 6.0.0)
  - GoogleAppMeasurement (10.12.0):
    - GoogleAppMeasurement/AdIdSupport (= 10.12.0)
    - GoogleUtilities/AppDelegateSwizzler (~> 7.11)
    - GoogleUtilities/MethodSwizzler (~> 7.11)
    - GoogleUtilities/Network (~> 7.11)
    - "GoogleUtilities/NSData+zlib (~> 7.11)"
    - nanopb (< 2.30910.0, >= 2.30908.0)
  - GoogleAppMeasurement/AdIdSupport (10.12.0):
    - GoogleAppMeasurement/WithoutAdIdSupport (= 10.12.0)
    - GoogleUtilities/AppDelegateSwizzler (~> 7.11)
    - GoogleUtilities/MethodSwizzler (~> 7.11)
    - GoogleUtilities/Network (~> 7.11)
    - "GoogleUtilities/NSData+zlib (~> 7.11)"
    - nanopb (< 2.30910.0, >= 2.30908.0)
  - GoogleAppMeasurement/WithoutAdIdSupport (10.12.0):
    - GoogleUtilities/AppDelegateSwizzler (~> 7.11)
    - GoogleUtilities/MethodSwizzler (~> 7.11)
    - GoogleUtilities/Network (~> 7.11)
    - "GoogleUtilities/NSData+zlib (~> 7.11)"
    - nanopb (< 2.30910.0, >= 2.30908.0)
  - GoogleDataTransport (9.4.1):
    - GoogleUtilities/Environment (~> 7.7)
    - nanopb (< 2.30911.0, >= 2.30908.0)
    - PromisesObjC (< 3.0, >= 1.2)
  - GoogleMLKit/BarcodeScanning (6.0.0):
    - GoogleMLKit/MLKitCore
    - MLKitBarcodeScanning (~> 5.0.0)
  - GoogleMLKit/FaceDetection (6.0.0):
    - GoogleMLKit/MLKitCore
    - MLKitFaceDetection (~> 5.0.0)
  - GoogleMLKit/MLKitCore (6.0.0):
    - MLKitCommon (~> 11.0.0)
  - GoogleToolboxForMac/Defines (4.2.1)
  - GoogleToolboxForMac/Logger (4.2.1):
    - GoogleToolboxForMac/Defines (= 4.2.1)
  - "GoogleToolboxForMac/NSData+zlib (4.2.1)":
    - GoogleToolboxForMac/Defines (= 4.2.1)
  - GoogleUtilities/AppDelegateSwizzler (7.13.3):
    - GoogleUtilities/Environment
    - GoogleUtilities/Logger
    - GoogleUtilities/Network
    - GoogleUtilities/Privacy
  - GoogleUtilities/Environment (7.13.3):
    - GoogleUtilities/Privacy
    - PromisesObjC (< 3.0, >= 1.2)
  - GoogleUtilities/Logger (7.13.3):
    - GoogleUtilities/Environment
    - GoogleUtilities/Privacy
  - GoogleUtilities/MethodSwizzler (7.13.3):
    - GoogleUtilities/Logger
    - GoogleUtilities/Privacy
  - GoogleUtilities/Network (7.13.3):
    - GoogleUtilities/Logger
    - "GoogleUtilities/NSData+zlib"
    - GoogleUtilities/Privacy
    - GoogleUtilities/Reachability
  - "GoogleUtilities/NSData+zlib (7.13.3)":
    - GoogleUtilities/Privacy
  - GoogleUtilities/Privacy (7.13.3)
  - GoogleUtilities/Reachability (7.13.3):
    - GoogleUtilities/Logger
    - GoogleUtilities/Privacy
  - GoogleUtilities/UserDefaults (7.13.3):
    - GoogleUtilities/Logger
    - GoogleUtilities/Privacy
  - GoogleUtilitiesComponents (1.1.0):
    - GoogleUtilities/Logger
  - GTMSessionFetcher/Core (3.5.0)
  - image_cropper (0.0.4):
    - Flutter
    - TOCropViewController (~> 2.6.1)
  - image_picker_ios (0.0.1):
    - Flutter
  - libwebp (1.5.0):
    - libwebp/demux (= 1.5.0)
    - libwebp/mux (= 1.5.0)
    - libwebp/sharpyuv (= 1.5.0)
    - libwebp/webp (= 1.5.0)
  - libwebp/demux (1.5.0):
    - libwebp/webp
  - libwebp/mux (1.5.0):
    - libwebp/demux
  - libwebp/sharpyuv (1.5.0)
  - libwebp/webp (1.5.0):
    - libwebp/sharpyuv
  - local_auth_darwin (0.0.1):
    - Flutter
    - FlutterMacOS
  - Mantle (2.2.0):
    - Mantle/extobjc (= 2.2.0)
  - Mantle/extobjc (2.2.0)
  - MLImage (1.0.0-beta5)
  - MLKitBarcodeScanning (5.0.0):
    - MLKitCommon (~> 11.0)
    - MLKitVision (~> 7.0)
  - MLKitCommon (11.0.0):
    - GoogleDataTransport (< 10.0, >= 9.4.1)
    - GoogleToolboxForMac/Logger (< 5.0, >= 4.2.1)
    - "GoogleToolboxForMac/NSData+zlib (< 5.0, >= 4.2.1)"
    - GoogleUtilities/UserDefaults (< 8.0, >= 7.13.0)
    - GoogleUtilitiesComponents (~> 1.0)
    - GTMSessionFetcher/Core (< 4.0, >= 3.3.2)
  - MLKitFaceDetection (5.0.0):
    - MLKitCommon (~> 11.0)
    - MLKitVision (~> 7.0)
  - MLKitVision (7.0.0):
    - GoogleToolboxForMac/Logger (< 5.0, >= 4.2.1)
    - "GoogleToolboxForMac/NSData+zlib (< 5.0, >= 4.2.1)"
    - GTMSessionFetcher/Core (< 4.0, >= 3.3.2)
    - MLImage (= 1.0.0-beta5)
    - MLKitCommon (~> 11.0)
  - mobile_scanner (5.2.3):
    - Flutter
    - GoogleMLKit/BarcodeScanning (~> 6.0.0)
  - nanopb (2.30909.1):
    - nanopb/decode (= 2.30909.1)
    - nanopb/encode (= 2.30909.1)
  - nanopb/decode (2.30909.1)
  - nanopb/encode (2.30909.1)
  - native_device_orientation (0.0.1):
    - Flutter
  - package_info_plus (0.4.5):
    - Flutter
  - path_provider_foundation (0.0.1):
    - Flutter
    - FlutterMacOS
  - pdf_render (0.0.1):
    - Flutter
  - permission_handler_apple (9.3.0):
    - Flutter
  - pointer_interceptor_ios (0.0.1):
    - Flutter
  - PromisesObjC (2.4.0)
  - PromisesSwift (2.4.0):
    - PromisesObjC (= 2.4.0)
  - rive_common (0.0.1):
    - Flutter
  - SDWebImage (5.21.0):
    - SDWebImage/Core (= 5.21.0)
  - SDWebImage/Core (5.21.0)
  - SDWebImageWebPCoder (0.14.6):
    - libwebp (~> 1.0)
    - SDWebImage/Core (~> 5.17)
  - share_plus (0.0.1):
    - Flutter
  - shared_preferences_foundation (0.0.1):
    - Flutter
    - FlutterMacOS
  - sqflite (0.0.3):
    - Flutter
    - FlutterMacOS
  - SwiftyGif (5.4.5)
  - syncfusion_flutter_pdfviewer (0.0.1):
    - Flutter
  - TOCropViewController (2.6.1)
  - url_launcher_ios (0.0.1):
    - Flutter
  - video_player_avfoundation (0.0.1):
    - Flutter
    - FlutterMacOS
  - wakelock_plus (0.0.1):
    - Flutter
  - webview_flutter_wkwebview (0.0.1):
    - Flutter

DEPENDENCIES:
  - app_links (from `.symlinks/plugins/app_links/ios`)
  - app_settings (from `.symlinks/plugins/app_settings/ios`)
  - camera_avfoundation (from `.symlinks/plugins/camera_avfoundation/ios`)
  - connectivity_plus (from `.symlinks/plugins/connectivity_plus/ios`)
  - device_info_plus (from `.symlinks/plugins/device_info_plus/ios`)
  - file_picker (from `.symlinks/plugins/file_picker/ios`)
  - file_saver (from `.symlinks/plugins/file_saver/ios`)
  - firebase_analytics (from `.symlinks/plugins/firebase_analytics/ios`)
  - firebase_core (from `.symlinks/plugins/firebase_core/ios`)
  - firebase_crashlytics (from `.symlinks/plugins/firebase_crashlytics/ios`)
  - firebase_messaging (from `.symlinks/plugins/firebase_messaging/ios`)
  - Flutter (from `Flutter`)
  - flutter_image_compress_common (from `.symlinks/plugins/flutter_image_compress_common/ios`)
  - flutter_keyboard_visibility (from `.symlinks/plugins/flutter_keyboard_visibility/ios`)
  - flutter_local_notifications (from `.symlinks/plugins/flutter_local_notifications/ios`)
  - flutter_native_splash (from `.symlinks/plugins/flutter_native_splash/ios`)
  - flutter_nfc_kit (from `.symlinks/plugins/flutter_nfc_kit/ios`)
  - flutter_pdfview (from `.symlinks/plugins/flutter_pdfview/ios`)
  - flutter_secure_storage (from `.symlinks/plugins/flutter_secure_storage/ios`)
  - fluttertoast (from `.symlinks/plugins/fluttertoast/ios`)
  - google_mlkit_commons (from `.symlinks/plugins/google_mlkit_commons/ios`)
  - google_mlkit_face_detection (from `.symlinks/plugins/google_mlkit_face_detection/ios`)
  - image_cropper (from `.symlinks/plugins/image_cropper/ios`)
  - image_picker_ios (from `.symlinks/plugins/image_picker_ios/ios`)
  - local_auth_darwin (from `.symlinks/plugins/local_auth_darwin/darwin`)
  - mobile_scanner (from `.symlinks/plugins/mobile_scanner/ios`)
  - native_device_orientation (from `.symlinks/plugins/native_device_orientation/ios`)
  - package_info_plus (from `.symlinks/plugins/package_info_plus/ios`)
  - path_provider_foundation (from `.symlinks/plugins/path_provider_foundation/darwin`)
  - pdf_render (from `.symlinks/plugins/pdf_render/ios`)
  - permission_handler_apple (from `.symlinks/plugins/permission_handler_apple/ios`)
  - pointer_interceptor_ios (from `.symlinks/plugins/pointer_interceptor_ios/ios`)
  - rive_common (from `.symlinks/plugins/rive_common/ios`)
  - share_plus (from `.symlinks/plugins/share_plus/ios`)
  - shared_preferences_foundation (from `.symlinks/plugins/shared_preferences_foundation/darwin`)
  - sqflite (from `.symlinks/plugins/sqflite/darwin`)
  - syncfusion_flutter_pdfviewer (from `.symlinks/plugins/syncfusion_flutter_pdfviewer/ios`)
  - url_launcher_ios (from `.symlinks/plugins/url_launcher_ios/ios`)
  - video_player_avfoundation (from `.symlinks/plugins/video_player_avfoundation/darwin`)
  - wakelock_plus (from `.symlinks/plugins/wakelock_plus/ios`)
  - webview_flutter_wkwebview (from `.symlinks/plugins/webview_flutter_wkwebview/ios`)

SPEC REPOS:
  trunk:
    - DKImagePickerController
    - DKPhotoGallery
    - Firebase
    - FirebaseAnalytics
    - FirebaseCore
    - FirebaseCoreExtension
    - FirebaseCoreInternal
    - FirebaseCrashlytics
    - FirebaseInstallations
    - FirebaseMessaging
    - FirebaseSessions
    - GoogleAppMeasurement
    - GoogleDataTransport
    - GoogleMLKit
    - GoogleToolboxForMac
    - GoogleUtilities
    - GoogleUtilitiesComponents
    - GTMSessionFetcher
    - libwebp
    - Mantle
    - MLImage
    - MLKitBarcodeScanning
    - MLKitCommon
    - MLKitFaceDetection
    - MLKitVision
    - nanopb
    - PromisesObjC
    - PromisesSwift
    - SDWebImage
    - SDWebImageWebPCoder
    - SwiftyGif
    - TOCropViewController

EXTERNAL SOURCES:
  app_links:
    :path: ".symlinks/plugins/app_links/ios"
  app_settings:
    :path: ".symlinks/plugins/app_settings/ios"
  camera_avfoundation:
    :path: ".symlinks/plugins/camera_avfoundation/ios"
  connectivity_plus:
    :path: ".symlinks/plugins/connectivity_plus/ios"
  device_info_plus:
    :path: ".symlinks/plugins/device_info_plus/ios"
  file_picker:
    :path: ".symlinks/plugins/file_picker/ios"
  file_saver:
    :path: ".symlinks/plugins/file_saver/ios"
  firebase_analytics:
    :path: ".symlinks/plugins/firebase_analytics/ios"
  firebase_core:
    :path: ".symlinks/plugins/firebase_core/ios"
  firebase_crashlytics:
    :path: ".symlinks/plugins/firebase_crashlytics/ios"
  firebase_messaging:
    :path: ".symlinks/plugins/firebase_messaging/ios"
  Flutter:
    :path: Flutter
  flutter_image_compress_common:
    :path: ".symlinks/plugins/flutter_image_compress_common/ios"
  flutter_keyboard_visibility:
    :path: ".symlinks/plugins/flutter_keyboard_visibility/ios"
  flutter_local_notifications:
    :path: ".symlinks/plugins/flutter_local_notifications/ios"
  flutter_native_splash:
    :path: ".symlinks/plugins/flutter_native_splash/ios"
  flutter_nfc_kit:
    :path: ".symlinks/plugins/flutter_nfc_kit/ios"
  flutter_pdfview:
    :path: ".symlinks/plugins/flutter_pdfview/ios"
  flutter_secure_storage:
    :path: ".symlinks/plugins/flutter_secure_storage/ios"
  fluttertoast:
    :path: ".symlinks/plugins/fluttertoast/ios"
  google_mlkit_commons:
    :path: ".symlinks/plugins/google_mlkit_commons/ios"
  google_mlkit_face_detection:
    :path: ".symlinks/plugins/google_mlkit_face_detection/ios"
  image_cropper:
    :path: ".symlinks/plugins/image_cropper/ios"
  image_picker_ios:
    :path: ".symlinks/plugins/image_picker_ios/ios"
  local_auth_darwin:
    :path: ".symlinks/plugins/local_auth_darwin/darwin"
  mobile_scanner:
    :path: ".symlinks/plugins/mobile_scanner/ios"
  native_device_orientation:
    :path: ".symlinks/plugins/native_device_orientation/ios"
  package_info_plus:
    :path: ".symlinks/plugins/package_info_plus/ios"
  path_provider_foundation:
    :path: ".symlinks/plugins/path_provider_foundation/darwin"
  pdf_render:
    :path: ".symlinks/plugins/pdf_render/ios"
  permission_handler_apple:
    :path: ".symlinks/plugins/permission_handler_apple/ios"
  pointer_interceptor_ios:
    :path: ".symlinks/plugins/pointer_interceptor_ios/ios"
  rive_common:
    :path: ".symlinks/plugins/rive_common/ios"
  share_plus:
    :path: ".symlinks/plugins/share_plus/ios"
  shared_preferences_foundation:
    :path: ".symlinks/plugins/shared_preferences_foundation/darwin"
  sqflite:
    :path: ".symlinks/plugins/sqflite/darwin"
  syncfusion_flutter_pdfviewer:
    :path: ".symlinks/plugins/syncfusion_flutter_pdfviewer/ios"
  url_launcher_ios:
    :path: ".symlinks/plugins/url_launcher_ios/ios"
  video_player_avfoundation:
    :path: ".symlinks/plugins/video_player_avfoundation/darwin"
  wakelock_plus:
    :path: ".symlinks/plugins/wakelock_plus/ios"
  webview_flutter_wkwebview:
    :path: ".symlinks/plugins/webview_flutter_wkwebview/ios"

SPEC CHECKSUMS:
  app_links: 76b66b60cc809390ca1ad69bfd66b998d2387ac7
  app_settings: 3507c575c2b18a462c99948f61d5de21d4420999
  camera_avfoundation: be3be85408cd4126f250386828e9b1dfa40ab436
  connectivity_plus: cb623214f4e1f6ef8fe7403d580fdad517d2f7dd
  device_info_plus: 21fcca2080fbcd348be798aa36c3e5ed849eefbe
  DKImagePickerController: 946cec48c7873164274ecc4624d19e3da4c1ef3c
  DKPhotoGallery: b3834fecb755ee09a593d7c9e389d8b5d6deed60
  file_picker: a0560bc09d61de87f12d246fc47d2119e6ef37be
  file_saver: 6cdbcddd690cb02b0c1a0c225b37cd805c2bf8b6
  Firebase: 07150e75d142fb9399f6777fa56a187b17f833a0
  firebase_analytics: 696667487b533eb1648d809d829186da67d67b30
  firebase_core: 473743a68e72b1a854abc9d129862621092aa047
  firebase_crashlytics: cb878642cce6139b42891da90a0745b2e748d216
  firebase_messaging: f56d725a0524c1671dc3514f32c98c9f80ff0a16
  FirebaseAnalytics: 0270389efbe3022b54ec4588862dabec3477ee98
  FirebaseCore: f86a1394906b97ac445ae49c92552a9425831bed
  FirebaseCoreExtension: 705ca5b14bf71d2564a0ddc677df1fc86ffa600f
  FirebaseCoreInternal: df84dd300b561c27d5571684f389bf60b0a5c934
  FirebaseCrashlytics: c4d111b7430c49744c74bcc6346ea00868661ac8
  FirebaseInstallations: 913cf60d0400ebd5d6b63a28b290372ab44590dd
  FirebaseMessaging: bb2c4f6422a753038fe137d90ae7c1af57251316
  FirebaseSessions: dbd14adac65ce996228652c1fc3a3f576bdf3ecc
  Flutter: e0871f40cf51350855a761d2e70bf5af5b9b5de7
  flutter_image_compress_common: 1697a328fd72bfb335507c6bca1a65fa5ad87df1
  flutter_keyboard_visibility: 4625131e43015dbbe759d9b20daaf77e0e3f6619
  flutter_local_notifications: 395056b3175ba4f08480a7c5de30cd36d69827e4
  flutter_native_splash: 6cad9122ea0fad137d23137dd14b937f3e90b145
  flutter_nfc_kit: 8e2054515fae172b7122504d1b9b0030522c1d9f
  flutter_pdfview: 32bf27bda6fd85b9dd2c09628a824df5081246cf
  flutter_secure_storage: 1ed9476fba7e7a782b22888f956cce43e2c62f13
  fluttertoast: 2c67e14dce98bbdb200df9e1acf610d7a6264ea1
  google_mlkit_commons: 414fc36ac51758c806381de33a1d148d2ba71ce4
  google_mlkit_face_detection: d782e03ecc0b87ab828ab41ed6a865b04ac100f4
  GoogleAppMeasurement: 2d800fab85e7848b1e66a6f8ce5bca06c5aad892
  GoogleDataTransport: 6c09b596d841063d76d4288cc2d2f42cc36e1e2a
  GoogleMLKit: 97ac7af399057e99182ee8edfa8249e3226a4065
  GoogleToolboxForMac: d1a2cbf009c453f4d6ded37c105e2f67a32206d8
  GoogleUtilities: ea963c370a38a8069cc5f7ba4ca849a60b6d7d15
  GoogleUtilitiesComponents: 679b2c881db3b615a2777504623df6122dd20afe
  GTMSessionFetcher: 5aea5ba6bd522a239e236100971f10cb71b96ab6
  image_cropper: 655b3ba703c9e15e3111e79151624d6154288774
  image_picker_ios: 7fe1ff8e34c1790d6fff70a32484959f563a928a
  libwebp: 02b23773aedb6ff1fd38cec7a77b81414c6842a8
  local_auth_darwin: 553ce4f9b16d3fdfeafce9cf042e7c9f77c1c391
  Mantle: c5aa8794a29a022dfbbfc9799af95f477a69b62d
  MLImage: 1824212150da33ef225fbd3dc49f184cf611046c
  MLKitBarcodeScanning: 10ca0845a6d15f2f6e911f682a1998b68b973e8b
  MLKitCommon: afec63980417d29ffbb4790529a1b0a2291699e1
  MLKitFaceDetection: 7c0e8bf09ddd27105da32d088fca978a99fc30cc
  MLKitVision: e858c5f125ecc288e4a31127928301eaba9ae0c1
  mobile_scanner: 92e8812bf22a8f84131e2a7f9d0f44dad1a4742b
  nanopb: d4d75c12cd1316f4a64e3c6963f879ecd4b5e0d5
  native_device_orientation: e3580675687d5034770da198f6839ebf2122ef94
  package_info_plus: af8e2ca6888548050f16fa2f1938db7b5a5df499
  path_provider_foundation: 080d55be775b7414fd5a5ef3ac137b97b097e564
  pdf_render: 5f9586e5fd49519bf59ea14a6da4851616e91c81
  permission_handler_apple: 4ed2196e43d0651e8ff7ca3483a069d469701f2d
  pointer_interceptor_ios: ec847ef8b0915778bed2b2cef636f4d177fa8eed
  PromisesObjC: f5707f49cb48b9636751c5b2e7d227e43fba9f47
  PromisesSwift: 9d77319bbe72ebf6d872900551f7eeba9bce2851
  rive_common: dd421daaf9ae69f0125aa761dd96abd278399952
  SDWebImage: f84b0feeb08d2d11e6a9b843cb06d75ebf5b8868
  SDWebImageWebPCoder: e38c0a70396191361d60c092933e22c20d5b1380
  share_plus: 50da8cb520a8f0f65671c6c6a99b3617ed10a58a
  shared_preferences_foundation: 9e1978ff2562383bd5676f64ec4e9aa8fa06a6f7
  sqflite: c35dad70033b8862124f8337cc994a809fcd9fa3
  SwiftyGif: 706c60cf65fa2bc5ee0313beece843c8eb8194d4
  syncfusion_flutter_pdfviewer: dfb514751af5b6b71e504c9c04a2e4ddbc1dd895
  TOCropViewController: edfd4f25713d56905ad1e0b9f5be3fbe0f59c863
  url_launcher_ios: 694010445543906933d732453a59da0a173ae33d
  video_player_avfoundation: 2cef49524dd1f16c5300b9cd6efd9611ce03639b
  wakelock_plus: 04623e3f525556020ebd4034310f20fe7fda8b49
  webview_flutter_wkwebview: 45a041c7831641076618876de3ba75c712860c6b

PODFILE CHECKSUM: 48e6d05908cc431c037ad772d9a020b9c6b93fa5

COCOAPODS: 1.16.2
